// !$*UTF8*$!
{
	archiveVersion = 1;
	classes = {
	};
	objectVersion = 50;
	objects = {

/* Begin PBXBuildFile section */
		AC07756420FD9BE2004AA20F /* AppDelegate.swift in Sources */ = {isa = PBXBuildFile; fileRef = AC07756320FD9BE2004AA20F /* AppDelegate.swift */; };
		AC07756B20FD9BE8004AA20F /* Assets.xcassets in Resources */ = {isa = PBXBuildFile; fileRef = AC07756A20FD9BE8004AA20F /* Assets.xcassets */; };
		AC07756E20FD9BE8004AA20F /* LaunchScreen.storyboard in Resources */ = {isa = PBXBuildFile; fileRef = AC07756C20FD9BE8004AA20F /* LaunchScreen.storyboard */; };
		AC07757920FD9BE8004AA20F /* QuickVoteTests.swift in Sources */ = {isa = PBXBuildFile; fileRef = AC07757820FD9BE8004AA20F /* QuickVoteTests.swift */; };
		AC8432792104DBCD00509CB9 /* SessionListViewController.swift in Sources */ = {isa = PBXBuildFile; fileRef = AC8432772104DBCD00509CB9 /* SessionListViewController.swift */; };
		AC84327C2104DDDF00509CB9 /* Protocols.swift in Sources */ = {isa = PBXBuildFile; fileRef = AC84327B2104DDDF00509CB9 /* Protocols.swift */; };
		AC84327E2104DEEA00509CB9 /* UIView+AppExtensions.swift in Sources */ = {isa = PBXBuildFile; fileRef = AC84327D2104DEEA00509CB9 /* UIView+AppExtensions.swift */; };
		AC8432802104E2DF00509CB9 /* UIColor+AppExtensions.swift in Sources */ = {isa = PBXBuildFile; fileRef = AC84327F2104E2DF00509CB9 /* UIColor+AppExtensions.swift */; };
		AC88345C2104E4AF00C06EA6 /* UIAlertController+AppExtensions.swift in Sources */ = {isa = PBXBuildFile; fileRef = AC88345B2104E4AF00C06EA6 /* UIAlertController+AppExtensions.swift */; };
		AC88345E2104E5F200C06EA6 /* UIApplication+AppExtensions.swift in Sources */ = {isa = PBXBuildFile; fileRef = AC88345D2104E5F200C06EA6 /* UIApplication+AppExtensions.swift */; };
		AC8834602104ED0600C06EA6 /* UserDefaults+AppExtensions.swift in Sources */ = {isa = PBXBuildFile; fileRef = AC88345F2104ED0600C06EA6 /* UserDefaults+AppExtensions.swift */; };
		AC8834642104FE7600C06EA6 /* AppNotification.swift in Sources */ = {isa = PBXBuildFile; fileRef = AC8834632104FE7600C06EA6 /* AppNotification.swift */; };
		AC88346821057D9400C06EA6 /* QuickVoteServer.swift in Sources */ = {isa = PBXBuildFile; fileRef = AC88346721057D9400C06EA6 /* QuickVoteServer.swift */; };
		AC88346A2105842500C06EA6 /* QuickVoteServiceBrowser.swift in Sources */ = {isa = PBXBuildFile; fileRef = AC8834692105842500C06EA6 /* QuickVoteServiceBrowser.swift */; };
		AC88346C210592D100C06EA6 /* SessinoHostViewController.swift in Sources */ = {isa = PBXBuildFile; fileRef = AC88346B210592D100C06EA6 /* SessinoHostViewController.swift */; };
		AC88346E210594F100C06EA6 /* UIViewController+AppExtensions.swift in Sources */ = {isa = PBXBuildFile; fileRef = AC88346D210594F100C06EA6 /* UIViewController+AppExtensions.swift */; };
		AC8834702105964100C06EA6 /* SessinoGuestViewController.swift in Sources */ = {isa = PBXBuildFile; fileRef = AC88346F2105964100C06EA6 /* SessinoGuestViewController.swift */; };
		AC8834732105992E00C06EA6 /* QuickVoteClient.swift in Sources */ = {isa = PBXBuildFile; fileRef = AC8834722105992E00C06EA6 /* QuickVoteClient.swift */; };
/* End PBXBuildFile section */

/* Begin PBXContainerItemProxy section */
		AC07757520FD9BE8004AA20F /* PBXContainerItemProxy */ = {
			isa = PBXContainerItemProxy;
			containerPortal = AC07755820FD9BE2004AA20F /* Project object */;
			proxyType = 1;
			remoteGlobalIDString = AC07755F20FD9BE2004AA20F;
			remoteInfo = QuickVote;
		};
/* End PBXContainerItemProxy section */

/* Begin PBXFileReference section */
		AC07756020FD9BE2004AA20F /* QuickVote.app */ = {isa = PBXFileReference; explicitFileType = wrapper.application; includeInIndex = 0; path = QuickVote.app; sourceTree = BUILT_PRODUCTS_DIR; };
		AC07756320FD9BE2004AA20F /* AppDelegate.swift */ = {isa = PBXFileReference; lastKnownFileType = sourcecode.swift; path = AppDelegate.swift; sourceTree = "<group>"; };
		AC07756A20FD9BE8004AA20F /* Assets.xcassets */ = {isa = PBXFileReference; lastKnownFileType = folder.assetcatalog; path = Assets.xcassets; sourceTree = "<group>"; };
		AC07756D20FD9BE8004AA20F /* Base */ = {isa = PBXFileReference; lastKnownFileType = file.storyboard; name = Base; path = Base.lproj/LaunchScreen.storyboard; sourceTree = "<group>"; };
		AC07756F20FD9BE8004AA20F /* Info.plist */ = {isa = PBXFileReference; lastKnownFileType = text.plist.xml; path = Info.plist; sourceTree = "<group>"; };
		AC07757420FD9BE8004AA20F /* QuickVoteTests.xctest */ = {isa = PBXFileReference; explicitFileType = wrapper.cfbundle; includeInIndex = 0; path = QuickVoteTests.xctest; sourceTree = BUILT_PRODUCTS_DIR; };
		AC07757820FD9BE8004AA20F /* QuickVoteTests.swift */ = {isa = PBXFileReference; lastKnownFileType = sourcecode.swift; path = QuickVoteTests.swift; sourceTree = "<group>"; };
		AC07757A20FD9BE8004AA20F /* Info.plist */ = {isa = PBXFileReference; lastKnownFileType = text.plist.xml; path = Info.plist; sourceTree = "<group>"; };
		AC8432772104DBCD00509CB9 /* SessionListViewController.swift */ = {isa = PBXFileReference; lastKnownFileType = sourcecode.swift; path = SessionListViewController.swift; sourceTree = "<group>"; };
		AC84327B2104DDDF00509CB9 /* Protocols.swift */ = {isa = PBXFileReference; lastKnownFileType = sourcecode.swift; path = Protocols.swift; sourceTree = "<group>"; };
		AC84327D2104DEEA00509CB9 /* UIView+AppExtensions.swift */ = {isa = PBXFileReference; lastKnownFileType = sourcecode.swift; path = "UIView+AppExtensions.swift"; sourceTree = "<group>"; };
		AC84327F2104E2DF00509CB9 /* UIColor+AppExtensions.swift */ = {isa = PBXFileReference; lastKnownFileType = sourcecode.swift; path = "UIColor+AppExtensions.swift"; sourceTree = "<group>"; };
		AC88345B2104E4AF00C06EA6 /* UIAlertController+AppExtensions.swift */ = {isa = PBXFileReference; lastKnownFileType = sourcecode.swift; path = "UIAlertController+AppExtensions.swift"; sourceTree = "<group>"; };
		AC88345D2104E5F200C06EA6 /* UIApplication+AppExtensions.swift */ = {isa = PBXFileReference; lastKnownFileType = sourcecode.swift; path = "UIApplication+AppExtensions.swift"; sourceTree = "<group>"; };
		AC88345F2104ED0600C06EA6 /* UserDefaults+AppExtensions.swift */ = {isa = PBXFileReference; lastKnownFileType = sourcecode.swift; path = "UserDefaults+AppExtensions.swift"; sourceTree = "<group>"; };
		AC8834632104FE7600C06EA6 /* AppNotification.swift */ = {isa = PBXFileReference; lastKnownFileType = sourcecode.swift; path = AppNotification.swift; sourceTree = "<group>"; };
		AC88346721057D9400C06EA6 /* QuickVoteServer.swift */ = {isa = PBXFileReference; lastKnownFileType = sourcecode.swift; path = QuickVoteServer.swift; sourceTree = "<group>"; };
		AC8834692105842500C06EA6 /* QuickVoteServiceBrowser.swift */ = {isa = PBXFileReference; lastKnownFileType = sourcecode.swift; path = QuickVoteServiceBrowser.swift; sourceTree = "<group>"; };
		AC88346B210592D100C06EA6 /* SessinoHostViewController.swift */ = {isa = PBXFileReference; lastKnownFileType = sourcecode.swift; path = SessinoHostViewController.swift; sourceTree = "<group>"; };
		AC88346D210594F100C06EA6 /* UIViewController+AppExtensions.swift */ = {isa = PBXFileReference; lastKnownFileType = sourcecode.swift; path = "UIViewController+AppExtensions.swift"; sourceTree = "<group>"; };
		AC88346F2105964100C06EA6 /* SessinoGuestViewController.swift */ = {isa = PBXFileReference; lastKnownFileType = sourcecode.swift; path = SessinoGuestViewController.swift; sourceTree = "<group>"; };
		AC8834722105992E00C06EA6 /* QuickVoteClient.swift */ = {isa = PBXFileReference; lastKnownFileType = sourcecode.swift; path = QuickVoteClient.swift; sourceTree = "<group>"; };
/* End PBXFileReference section */

/* Begin PBXFrameworksBuildPhase section */
		AC07755D20FD9BE2004AA20F /* Frameworks */ = {
			isa = PBXFrameworksBuildPhase;
			buildActionMask = 2147483647;
			files = (
			);
			runOnlyForDeploymentPostprocessing = 0;
		};
		AC07757120FD9BE8004AA20F /* Frameworks */ = {
			isa = PBXFrameworksBuildPhase;
			buildActionMask = 2147483647;
			files = (
			);
			runOnlyForDeploymentPostprocessing = 0;
		};
/* End PBXFrameworksBuildPhase section */

/* Begin PBXGroup section */
		AC07755720FD9BE1004AA20F = {
			isa = PBXGroup;
			children = (
				AC07756220FD9BE2004AA20F /* QuickVote */,
				AC07757720FD9BE8004AA20F /* QuickVoteTests */,
				AC07756120FD9BE2004AA20F /* Products */,
			);
			sourceTree = "<group>";
		};
		AC07756120FD9BE2004AA20F /* Products */ = {
			isa = PBXGroup;
			children = (
				AC07756020FD9BE2004AA20F /* QuickVote.app */,
				AC07757420FD9BE8004AA20F /* QuickVoteTests.xctest */,
			);
			name = Products;
			sourceTree = "<group>";
		};
		AC07756220FD9BE2004AA20F /* QuickVote */ = {
			isa = PBXGroup;
			children = (
				AC8432812104E3AD00509CB9 /* Extensions */,
				AC8834712105966100C06EA6 /* Views */,
				AC07756320FD9BE2004AA20F /* AppDelegate.swift */,
				AC8834632104FE7600C06EA6 /* AppNotification.swift */,
				AC84327B2104DDDF00509CB9 /* Protocols.swift */,
				AC8834722105992E00C06EA6 /* QuickVoteClient.swift */,
				AC88346721057D9400C06EA6 /* QuickVoteServer.swift */,
				AC8834692105842500C06EA6 /* QuickVoteServiceBrowser.swift */,
				AC07756A20FD9BE8004AA20F /* Assets.xcassets */,
				AC07756C20FD9BE8004AA20F /* LaunchScreen.storyboard */,
				AC07756F20FD9BE8004AA20F /* Info.plist */,
			);
			path = QuickVote;
			sourceTree = "<group>";
		};
		AC07757720FD9BE8004AA20F /* QuickVoteTests */ = {
			isa = PBXGroup;
			children = (
				AC07757820FD9BE8004AA20F /* QuickVoteTests.swift */,
				AC07757A20FD9BE8004AA20F /* Info.plist */,
			);
			path = QuickVoteTests;
			sourceTree = "<group>";
		};
		AC8432812104E3AD00509CB9 /* Extensions */ = {
			isa = PBXGroup;
			children = (
				AC88345B2104E4AF00C06EA6 /* UIAlertController+AppExtensions.swift */,
				AC88345D2104E5F200C06EA6 /* UIApplication+AppExtensions.swift */,
				AC84327F2104E2DF00509CB9 /* UIColor+AppExtensions.swift */,
				AC84327D2104DEEA00509CB9 /* UIView+AppExtensions.swift */,
				AC88346D210594F100C06EA6 /* UIViewController+AppExtensions.swift */,
				AC88345F2104ED0600C06EA6 /* UserDefaults+AppExtensions.swift */,
			);
			name = Extensions;
			sourceTree = "<group>";
		};
		AC8834712105966100C06EA6 /* Views */ = {
			isa = PBXGroup;
			children = (
				AC88346F2105964100C06EA6 /* SessinoGuestViewController.swift */,
				AC88346B210592D100C06EA6 /* SessinoHostViewController.swift */,
				AC8432772104DBCD00509CB9 /* SessionListViewController.swift */,
			);
			name = Views;
			sourceTree = "<group>";
		};
/* End PBXGroup section */

/* Begin PBXNativeTarget section */
		AC07755F20FD9BE2004AA20F /* QuickVote */ = {
			isa = PBXNativeTarget;
			buildConfigurationList = AC07757D20FD9BE8004AA20F /* Build configuration list for PBXNativeTarget "QuickVote" */;
			buildPhases = (
				AC07755C20FD9BE2004AA20F /* Sources */,
				AC07755D20FD9BE2004AA20F /* Frameworks */,
				AC07755E20FD9BE2004AA20F /* Resources */,
			);
			buildRules = (
			);
			dependencies = (
			);
			name = QuickVote;
			productName = QuickVote;
			productReference = AC07756020FD9BE2004AA20F /* QuickVote.app */;
			productType = "com.apple.product-type.application";
		};
		AC07757320FD9BE8004AA20F /* QuickVoteTests */ = {
			isa = PBXNativeTarget;
			buildConfigurationList = AC07758020FD9BE8004AA20F /* Build configuration list for PBXNativeTarget "QuickVoteTests" */;
			buildPhases = (
				AC07757020FD9BE8004AA20F /* Sources */,
				AC07757120FD9BE8004AA20F /* Frameworks */,
				AC07757220FD9BE8004AA20F /* Resources */,
			);
			buildRules = (
			);
			dependencies = (
				AC07757620FD9BE8004AA20F /* PBXTargetDependency */,
			);
			name = QuickVoteTests;
			productName = QuickVoteTests;
			productReference = AC07757420FD9BE8004AA20F /* QuickVoteTests.xctest */;
			productType = "com.apple.product-type.bundle.unit-test";
		};
/* End PBXNativeTarget section */

/* Begin PBXProject section */
		AC07755820FD9BE2004AA20F /* Project object */ = {
			isa = PBXProject;
			attributes = {
				LastSwiftUpdateCheck = 0940;
				LastUpgradeCheck = 0940;
				ORGANIZATIONNAME = "Haoxin Li";
				TargetAttributes = {
					AC07755F20FD9BE2004AA20F = {
						CreatedOnToolsVersion = 9.4;
					};
					AC07757320FD9BE8004AA20F = {
						CreatedOnToolsVersion = 9.4;
						TestTargetID = AC07755F20FD9BE2004AA20F;
					};
				};
			};
			buildConfigurationList = AC07755B20FD9BE2004AA20F /* Build configuration list for PBXProject "QuickVote" */;
			compatibilityVersion = "Xcode 9.3";
			developmentRegion = en;
			hasScannedForEncodings = 0;
			knownRegions = (
				en,
				Base,
			);
			mainGroup = AC07755720FD9BE1004AA20F;
			productRefGroup = AC07756120FD9BE2004AA20F /* Products */;
			projectDirPath = "";
			projectRoot = "";
			targets = (
				AC07755F20FD9BE2004AA20F /* QuickVote */,
				AC07757320FD9BE8004AA20F /* QuickVoteTests */,
			);
		};
/* End PBXProject section */

/* Begin PBXResourcesBuildPhase section */
		AC07755E20FD9BE2004AA20F /* Resources */ = {
			isa = PBXResourcesBuildPhase;
			buildActionMask = 2147483647;
			files = (
				AC07756E20FD9BE8004AA20F /* LaunchScreen.storyboard in Resources */,
				AC07756B20FD9BE8004AA20F /* Assets.xcassets in Resources */,
			);
			runOnlyForDeploymentPostprocessing = 0;
		};
		AC07757220FD9BE8004AA20F /* Resources */ = {
			isa = PBXResourcesBuildPhase;
			buildActionMask = 2147483647;
			files = (
			);
			runOnlyForDeploymentPostprocessing = 0;
		};
/* End PBXResourcesBuildPhase section */

/* Begin PBXSourcesBuildPhase section */
		AC07755C20FD9BE2004AA20F /* Sources */ = {
			isa = PBXSourcesBuildPhase;
			buildActionMask = 2147483647;
			files = (
				AC84327E2104DEEA00509CB9 /* UIView+AppExtensions.swift in Sources */,
				AC8834602104ED0600C06EA6 /* UserDefaults+AppExtensions.swift in Sources */,
				AC88346E210594F100C06EA6 /* UIViewController+AppExtensions.swift in Sources */,
				AC88345C2104E4AF00C06EA6 /* UIAlertController+AppExtensions.swift in Sources */,
				AC8834642104FE7600C06EA6 /* AppNotification.swift in Sources */,
				AC88346A2105842500C06EA6 /* QuickVoteServiceBrowser.swift in Sources */,
				AC8432792104DBCD00509CB9 /* SessionListViewController.swift in Sources */,
				AC8834732105992E00C06EA6 /* QuickVoteClient.swift in Sources */,
				AC8432802104E2DF00509CB9 /* UIColor+AppExtensions.swift in Sources */,
				AC88346821057D9400C06EA6 /* QuickVoteServer.swift in Sources */,
				AC07756420FD9BE2004AA20F /* AppDelegate.swift in Sources */,
				AC8834702105964100C06EA6 /* SessinoGuestViewController.swift in Sources */,
				AC88345E2104E5F200C06EA6 /* UIApplication+AppExtensions.swift in Sources */,
				AC84327C2104DDDF00509CB9 /* Protocols.swift in Sources */,
				AC88346C210592D100C06EA6 /* SessinoHostViewController.swift in Sources */,
			);
			runOnlyForDeploymentPostprocessing = 0;
		};
		AC07757020FD9BE8004AA20F /* Sources */ = {
			isa = PBXSourcesBuildPhase;
			buildActionMask = 2147483647;
			files = (
				AC07757920FD9BE8004AA20F /* QuickVoteTests.swift in Sources */,
			);
			runOnlyForDeploymentPostprocessing = 0;
		};
/* End PBXSourcesBuildPhase section */

/* Begin PBXTargetDependency section */
		AC07757620FD9BE8004AA20F /* PBXTargetDependency */ = {
			isa = PBXTargetDependency;
			target = AC07755F20FD9BE2004AA20F /* QuickVote */;
			targetProxy = AC07757520FD9BE8004AA20F /* PBXContainerItemProxy */;
		};
/* End PBXTargetDependency section */

/* Begin PBXVariantGroup section */
		AC07756C20FD9BE8004AA20F /* LaunchScreen.storyboard */ = {
			isa = PBXVariantGroup;
			children = (
				AC07756D20FD9BE8004AA20F /* Base */,
			);
			name = LaunchScreen.storyboard;
			sourceTree = "<group>";
		};
/* End PBXVariantGroup section */

/* Begin XCBuildConfiguration section */
		AC07757B20FD9BE8004AA20F /* Debug */ = {
			isa = XCBuildConfiguration;
			buildSettings = {
				ALWAYS_SEARCH_USER_PATHS = NO;
				CLANG_ANALYZER_NONNULL = YES;
				CLANG_ANALYZER_NUMBER_OBJECT_CONVERSION = YES_AGGRESSIVE;
				CLANG_CXX_LANGUAGE_STANDARD = "gnu++14";
				CLANG_CXX_LIBRARY = "libc++";
				CLANG_ENABLE_MODULES = YES;
				CLANG_ENABLE_OBJC_ARC = YES;
				CLANG_ENABLE_OBJC_WEAK = YES;
				CLANG_WARN_BLOCK_CAPTURE_AUTORELEASING = YES;
				CLANG_WARN_BOOL_CONVERSION = YES;
				CLANG_WARN_COMMA = YES;
				CLANG_WARN_CONSTANT_CONVERSION = YES;
				CLANG_WARN_DEPRECATED_OBJC_IMPLEMENTATIONS = YES;
				CLANG_WARN_DIRECT_OBJC_ISA_USAGE = YES_ERROR;
				CLANG_WARN_DOCUMENTATION_COMMENTS = YES;
				CLANG_WARN_EMPTY_BODY = YES;
				CLANG_WARN_ENUM_CONVERSION = YES;
				CLANG_WARN_INFINITE_RECURSION = YES;
				CLANG_WARN_INT_CONVERSION = YES;
				CLANG_WARN_NON_LITERAL_NULL_CONVERSION = YES;
				CLANG_WARN_OBJC_IMPLICIT_RETAIN_SELF = YES;
				CLANG_WARN_OBJC_LITERAL_CONVERSION = YES;
				CLANG_WARN_OBJC_ROOT_CLASS = YES_ERROR;
				CLANG_WARN_RANGE_LOOP_ANALYSIS = YES;
				CLANG_WARN_STRICT_PROTOTYPES = YES;
				CLANG_WARN_SUSPICIOUS_MOVE = YES;
				CLANG_WARN_UNGUARDED_AVAILABILITY = YES_AGGRESSIVE;
				CLANG_WARN_UNREACHABLE_CODE = YES;
				CLANG_WARN__DUPLICATE_METHOD_MATCH = YES;
				CODE_SIGN_IDENTITY = "iPhone Developer";
				COPY_PHASE_STRIP = NO;
				DEBUG_INFORMATION_FORMAT = dwarf;
				ENABLE_STRICT_OBJC_MSGSEND = YES;
				ENABLE_TESTABILITY = YES;
				GCC_C_LANGUAGE_STANDARD = gnu11;
				GCC_DYNAMIC_NO_PIC = NO;
				GCC_NO_COMMON_BLOCKS = YES;
				GCC_OPTIMIZATION_LEVEL = 0;
				GCC_PREPROCESSOR_DEFINITIONS = (
					"DEBUG=1",
					"$(inherited)",
				);
				GCC_WARN_64_TO_32_BIT_CONVERSION = YES;
				GCC_WARN_ABOUT_RETURN_TYPE = YES_ERROR;
				GCC_WARN_UNDECLARED_SELECTOR = YES;
				GCC_WARN_UNINITIALIZED_AUTOS = YES_AGGRESSIVE;
				GCC_WARN_UNUSED_FUNCTION = YES;
				GCC_WARN_UNUSED_VARIABLE = YES;
				IPHONEOS_DEPLOYMENT_TARGET = 11.4;
				MTL_ENABLE_DEBUG_INFO = YES;
				ONLY_ACTIVE_ARCH = YES;
				SDKROOT = iphoneos;
				SWIFT_ACTIVE_COMPILATION_CONDITIONS = DEBUG;
				SWIFT_OPTIMIZATION_LEVEL = "-Onone";
			};
			name = Debug;
		};
		AC07757C20FD9BE8004AA20F /* Release */ = {
			isa = XCBuildConfiguration;
			buildSettings = {
				ALWAYS_SEARCH_USER_PATHS = NO;
				CLANG_ANALYZER_NONNULL = YES;
				CLANG_ANALYZER_NUMBER_OBJECT_CONVERSION = YES_AGGRESSIVE;
				CLANG_CXX_LANGUAGE_STANDARD = "gnu++14";
				CLANG_CXX_LIBRARY = "libc++";
				CLANG_ENABLE_MODULES = YES;
				CLANG_ENABLE_OBJC_ARC = YES;
				CLANG_ENABLE_OBJC_WEAK = YES;
				CLANG_WARN_BLOCK_CAPTURE_AUTORELEASING = YES;
				CLANG_WARN_BOOL_CONVERSION = YES;
				CLANG_WARN_COMMA = YES;
				CLANG_WARN_CONSTANT_CONVERSION = YES;
				CLANG_WARN_DEPRECATED_OBJC_IMPLEMENTATIONS = YES;
				CLANG_WARN_DIRECT_OBJC_ISA_USAGE = YES_ERROR;
				CLANG_WARN_DOCUMENTATION_COMMENTS = YES;
				CLANG_WARN_EMPTY_BODY = YES;
				CLANG_WARN_ENUM_CONVERSION = YES;
				CLANG_WARN_INFINITE_RECURSION = YES;
				CLANG_WARN_INT_CONVERSION = YES;
				CLANG_WARN_NON_LITERAL_NULL_CONVERSION = YES;
				CLANG_WARN_OBJC_IMPLICIT_RETAIN_SELF = YES;
				CLANG_WARN_OBJC_LITERAL_CONVERSION = YES;
				CLANG_WARN_OBJC_ROOT_CLASS = YES_ERROR;
				CLANG_WARN_RANGE_LOOP_ANALYSIS = YES;
				CLANG_WARN_STRICT_PROTOTYPES = YES;
				CLANG_WARN_SUSPICIOUS_MOVE = YES;
				CLANG_WARN_UNGUARDED_AVAILABILITY = YES_AGGRESSIVE;
				CLANG_WARN_UNREACHABLE_CODE = YES;
				CLANG_WARN__DUPLICATE_METHOD_MATCH = YES;
				CODE_SIGN_IDENTITY = "iPhone Developer";
				COPY_PHASE_STRIP = NO;
				DEBUG_INFORMATION_FORMAT = "dwarf-with-dsym";
				ENABLE_NS_ASSERTIONS = NO;
				ENABLE_STRICT_OBJC_MSGSEND = YES;
				GCC_C_LANGUAGE_STANDARD = gnu11;
				GCC_NO_COMMON_BLOCKS = YES;
				GCC_WARN_64_TO_32_BIT_CONVERSION = YES;
				GCC_WARN_ABOUT_RETURN_TYPE = YES_ERROR;
				GCC_WARN_UNDECLARED_SELECTOR = YES;
				GCC_WARN_UNINITIALIZED_AUTOS = YES_AGGRESSIVE;
				GCC_WARN_UNUSED_FUNCTION = YES;
				GCC_WARN_UNUSED_VARIABLE = YES;
				IPHONEOS_DEPLOYMENT_TARGET = 11.4;
				MTL_ENABLE_DEBUG_INFO = NO;
				SDKROOT = iphoneos;
				SWIFT_COMPILATION_MODE = wholemodule;
				SWIFT_OPTIMIZATION_LEVEL = "-O";
				VALIDATE_PRODUCT = YES;
			};
			name = Release;
		};
		AC07757E20FD9BE8004AA20F /* Debug */ = {
			isa = XCBuildConfiguration;
			buildSettings = {
				ASSETCATALOG_COMPILER_APPICON_NAME = AppIcon;
				CODE_SIGN_STYLE = Automatic;
				DEVELOPMENT_TEAM = 5RFZ63C7NL;
				INFOPLIST_FILE = QuickVote/Info.plist;
				LD_RUNPATH_SEARCH_PATHS = (
					"$(inherited)",
					"@executable_path/Frameworks",
				);
				PRODUCT_BUNDLE_IDENTIFIER = com.haoxinli.QuickVote;
				PRODUCT_NAME = "$(TARGET_NAME)";
				SWIFT_VERSION = 4.0;
				TARGETED_DEVICE_FAMILY = "1,2";
			};
			name = Debug;
		};
		AC07757F20FD9BE8004AA20F /* Release */ = {
			isa = XCBuildConfiguration;
			buildSettings = {
				ASSETCATALOG_COMPILER_APPICON_NAME = AppIcon;
				CODE_SIGN_STYLE = Automatic;
				DEVELOPMENT_TEAM = 5RFZ63C7NL;
				INFOPLIST_FILE = QuickVote/Info.plist;
				LD_RUNPATH_SEARCH_PATHS = (
					"$(inherited)",
					"@executable_path/Frameworks",
				);
				PRODUCT_BUNDLE_IDENTIFIER = com.haoxinli.QuickVote;
				PRODUCT_NAME = "$(TARGET_NAME)";
				SWIFT_VERSION = 4.0;
				TARGETED_DEVICE_FAMILY = "1,2";
			};
			name = Release;
		};
		AC07758120FD9BE8004AA20F /* Debug */ = {
			isa = XCBuildConfiguration;
			buildSettings = {
				ALWAYS_EMBED_SWIFT_STANDARD_LIBRARIES = YES;
				BUNDLE_LOADER = "$(TEST_HOST)";
				CODE_SIGN_STYLE = Automatic;
				DEVELOPMENT_TEAM = 5RFZ63C7NL;
				INFOPLIST_FILE = QuickVoteTests/Info.plist;
				LD_RUNPATH_SEARCH_PATHS = (
					"$(inherited)",
					"@executable_path/Frameworks",
					"@loader_path/Frameworks",
				);
				PRODUCT_BUNDLE_IDENTIFIER = com.haoxinli.QuickVoteTests;
				PRODUCT_NAME = "$(TARGET_NAME)";
				SWIFT_VERSION = 4.0;
				TARGETED_DEVICE_FAMILY = "1,2";
				TEST_HOST = "$(BUILT_PRODUCTS_DIR)/QuickVote.app/QuickVote";
			};
			name = Debug;
		};
		AC07758220FD9BE8004AA20F /* Release */ = {
			isa = XCBuildConfiguration;
			buildSettings = {
				ALWAYS_EMBED_SWIFT_STANDARD_LIBRARIES = YES;
				BUNDLE_LOADER = "$(TEST_HOST)";
				CODE_SIGN_STYLE = Automatic;
				DEVELOPMENT_TEAM = 5RFZ63C7NL;
				INFOPLIST_FILE = QuickVoteTests/Info.plist;
				LD_RUNPATH_SEARCH_PATHS = (
					"$(inherited)",
					"@executable_path/Frameworks",
					"@loader_path/Frameworks",
				);
				PRODUCT_BUNDLE_IDENTIFIER = com.haoxinli.QuickVoteTests;
				PRODUCT_NAME = "$(TARGET_NAME)";
				SWIFT_VERSION = 4.0;
				TARGETED_DEVICE_FAMILY = "1,2";
				TEST_HOST = "$(BUILT_PRODUCTS_DIR)/QuickVote.app/QuickVote";
			};
			name = Release;
		};
/* End XCBuildConfiguration section */

/* Begin XCConfigurationList section */
		AC07755B20FD9BE2004AA20F /* Build configuration list for PBXProject "QuickVote" */ = {
			isa = XCConfigurationList;
			buildConfigurations = (
				AC07757B20FD9BE8004AA20F /* Debug */,
				AC07757C20FD9BE8004AA20F /* Release */,
			);
			defaultConfigurationIsVisible = 0;
			defaultConfigurationName = Release;
		};
		AC07757D20FD9BE8004AA20F /* Build configuration list for PBXNativeTarget "QuickVote" */ = {
			isa = XCConfigurationList;
			buildConfigurations = (
				AC07757E20FD9BE8004AA20F /* Debug */,
				AC07757F20FD9BE8004AA20F /* Release */,
			);
			defaultConfigurationIsVisible = 0;
			defaultConfigurationName = Release;
		};
		AC07758020FD9BE8004AA20F /* Build configuration list for PBXNativeTarget "QuickVoteTests" */ = {
			isa = XCConfigurationList;
			buildConfigurations = (
				AC07758120FD9BE8004AA20F /* Debug */,
				AC07758220FD9BE8004AA20F /* Release */,
			);
			defaultConfigurationIsVisible = 0;
			defaultConfigurationName = Release;
		};
/* End XCConfigurationList section */
	};
	rootObject = AC07755820FD9BE2004AA20F /* Project object */;
}
